
Microsoft Visual Studio Solution File, Format Version 12.00
# Visual Studio Version 17
VisualStudioVersion = 17.5.33502.453
MinimumVisualStudioVersion = 10.0.40219.1
Project("{2150E333-8FDC-42A3-9474-1A3956D46DE8}") = "src", "src", "{1A2C1EF0-5E95-495D-8DA6-63F1DE750803}"
EndProject
Project("{2150E333-8FDC-42A3-9474-1A3956D46DE8}") = "tests", "tests", "{E6C0277C-AD28-4EB1-B220-97858F758A2A}"
EndProject
Project("{9A19103F-16F7-4668-BE54-9A1E7A4F7556}") = "Core", "src\Core\Core.csproj", "{A522DDF0-11AA-407A-89A4-9C5A877E022D}"
EndProject
Project("{9A19103F-16F7-4668-BE54-9A1E7A4F7556}") = "Urbamais.Application", "src\Urbamais.Application\Urbamais.Application.csproj", "{297FFBB4-837A-47E5-9AE0-E9C20E858A42}"
EndProject
Project("{9A19103F-16F7-4668-BE54-9A1E7A4F7556}") = "Urbamais.Domain", "src\Urbamais.Domain\Urbamais.Domain.csproj", "{027BA9CC-DDB8-4B5F-85EB-4705ABA2BAB4}"
EndProject
Project("{9A19103F-16F7-4668-BE54-9A1E7A4F7556}") = "Urbamais.Infra", "src\Urbamais.Infra\Urbamais.Infra.csproj", "{4D08DF56-64E2-49DE-BD0D-91D145C4097B}"
EndProject
Project("{9A19103F-16F7-4668-BE54-9A1E7A4F7556}") = "Urbamais.WebApi", "src\Urbamais.WebApi\Urbamais.WebApi.csproj", "{227C8C3D-8839-4E3C-A9AA-CBEAC9DECE4D}"
EndProject
Project("{9A19103F-16F7-4668-BE54-9A1E7A4F7556}") = "Urbamais.Identity", "src\Urbamais.Identity\Urbamais.Identity.csproj", "{FD763BAB-F3BB-46EC-8A99-91A2EA9E8661}"
EndProject
Project("{9A19103F-16F7-4668-BE54-9A1E7A4F7556}") = "Urbamais.Test", "tests\Urbamais.Test\Urbamais.Test.csproj", "{68CE69AE-526B-422C-9E93-76F1317583C3}"
EndProject
Project("{FAE04EC0-301F-11D3-BF4B-00C04F79EFBC}") = "Urbamais.CrossCutting", "src\Urbamais.CrossCutting\Urbamais.CrossCutting.csproj", "{546A2A85-A7EA-CFE9-A965-ECDB8B335910}"
EndProject
Global
	GlobalSection(SolutionConfigurationPlatforms) = preSolution
		Debug|Any CPU = Debug|Any CPU
		Release|Any CPU = Release|Any CPU
	EndGlobalSection
	GlobalSection(ProjectConfigurationPlatforms) = postSolution
		{A522DDF0-11AA-407A-89A4-9C5A877E022D}.Debug|Any CPU.ActiveCfg = Debug|Any CPU
		{A522DDF0-11AA-407A-89A4-9C5A877E022D}.Debug|Any CPU.Build.0 = Debug|Any CPU
		{A522DDF0-11AA-407A-89A4-9C5A877E022D}.Release|Any CPU.ActiveCfg = Release|Any CPU
		{A522DDF0-11AA-407A-89A4-9C5A877E022D}.Release|Any CPU.Build.0 = Release|Any CPU
		{297FFBB4-837A-47E5-9AE0-E9C20E858A42}.Debug|Any CPU.ActiveCfg = Debug|Any CPU
		{297FFBB4-837A-47E5-9AE0-E9C20E858A42}.Debug|Any CPU.Build.0 = Debug|Any CPU
		{297FFBB4-837A-47E5-9AE0-E9C20E858A42}.Release|Any CPU.ActiveCfg = Release|Any CPU
		{297FFBB4-837A-47E5-9AE0-E9C20E858A42}.Release|Any CPU.Build.0 = Release|Any CPU
		{027BA9CC-DDB8-4B5F-85EB-4705ABA2BAB4}.Debug|Any CPU.ActiveCfg = Debug|Any CPU
		{027BA9CC-DDB8-4B5F-85EB-4705ABA2BAB4}.Debug|Any CPU.Build.0 = Debug|Any CPU
		{027BA9CC-DDB8-4B5F-85EB-4705ABA2BAB4}.Release|Any CPU.ActiveCfg = Release|Any CPU
		{027BA9CC-DDB8-4B5F-85EB-4705ABA2BAB4}.Release|Any CPU.Build.0 = Release|Any CPU
		{4D08DF56-64E2-49DE-BD0D-91D145C4097B}.Debug|Any CPU.ActiveCfg = Debug|Any CPU
		{4D08DF56-64E2-49DE-BD0D-91D145C4097B}.Debug|Any CPU.Build.0 = Debug|Any CPU
		{4D08DF56-64E2-49DE-BD0D-91D145C4097B}.Release|Any CPU.ActiveCfg = Release|Any CPU
		{4D08DF56-64E2-49DE-BD0D-91D145C4097B}.Release|Any CPU.Build.0 = Release|Any CPU
		{227C8C3D-8839-4E3C-A9AA-CBEAC9DECE4D}.Debug|Any CPU.ActiveCfg = Debug|Any CPU
		{227C8C3D-8839-4E3C-A9AA-CBEAC9DECE4D}.Debug|Any CPU.Build.0 = Debug|Any CPU
		{227C8C3D-8839-4E3C-A9AA-CBEAC9DECE4D}.Release|Any CPU.ActiveCfg = Release|Any CPU
		{227C8C3D-8839-4E3C-A9AA-CBEAC9DECE4D}.Release|Any CPU.Build.0 = Release|Any CPU
		{FD763BAB-F3BB-46EC-8A99-91A2EA9E8661}.Debug|Any CPU.ActiveCfg = Debug|Any CPU
		{FD763BAB-F3BB-46EC-8A99-91A2EA9E8661}.Debug|Any CPU.Build.0 = Debug|Any CPU
		{FD763BAB-F3BB-46EC-8A99-91A2EA9E8661}.Release|Any CPU.ActiveCfg = Release|Any CPU
		{FD763BAB-F3BB-46EC-8A99-91A2EA9E8661}.Release|Any CPU.Build.0 = Release|Any CPU
		{68CE69AE-526B-422C-9E93-76F1317583C3}.Debug|Any CPU.ActiveCfg = Debug|Any CPU
		{68CE69AE-526B-422C-9E93-76F1317583C3}.Debug|Any CPU.Build.0 = Debug|Any CPU
		{68CE69AE-526B-422C-9E93-76F1317583C3}.Release|Any CPU.ActiveCfg = Release|Any CPU
		{68CE69AE-526B-422C-9E93-76F1317583C3}.Release|Any CPU.Build.0 = Release|Any CPU
		{546A2A85-A7EA-CFE9-A965-ECDB8B335910}.Debug|Any CPU.ActiveCfg = Debug|Any CPU
		{546A2A85-A7EA-CFE9-A965-ECDB8B335910}.Debug|Any CPU.Build.0 = Debug|Any CPU
		{546A2A85-A7EA-CFE9-A965-ECDB8B335910}.Release|Any CPU.ActiveCfg = Release|Any CPU
		{546A2A85-A7EA-CFE9-A965-ECDB8B335910}.Release|Any CPU.Build.0 = Release|Any CPU
	EndGlobalSection
	GlobalSection(SolutionProperties) = preSolution
		HideSolutionNode = FALSE
	EndGlobalSection
	GlobalSection(NestedProjects) = preSolution
		{A522DDF0-11AA-407A-89A4-9C5A877E022D} = {1A2C1EF0-5E95-495D-8DA6-63F1DE750803}
		{297FFBB4-837A-47E5-9AE0-E9C20E858A42} = {1A2C1EF0-5E95-495D-8DA6-63F1DE750803}
		{027BA9CC-DDB8-4B5F-85EB-4705ABA2BAB4} = {1A2C1EF0-5E95-495D-8DA6-63F1DE750803}
		{4D08DF56-64E2-49DE-BD0D-91D145C4097B} = {1A2C1EF0-5E95-495D-8DA6-63F1DE750803}
		{227C8C3D-8839-4E3C-A9AA-CBEAC9DECE4D} = {1A2C1EF0-5E95-495D-8DA6-63F1DE750803}
		{FD763BAB-F3BB-46EC-8A99-91A2EA9E8661} = {1A2C1EF0-5E95-495D-8DA6-63F1DE750803}
		{68CE69AE-526B-422C-9E93-76F1317583C3} = {E6C0277C-AD28-4EB1-B220-97858F758A2A}
		{546A2A85-A7EA-CFE9-A965-ECDB8B335910} = {1A2C1EF0-5E95-495D-8DA6-63F1DE750803}
	EndGlobalSection
	GlobalSection(ExtensibilityGlobals) = postSolution
		SolutionGuid = {24DACD84-090B-487C-B324-E6AA62B6B8A5}
	EndGlobalSection
EndGlobal
